
Microsoft Visual Studio Solution File, Format Version 12.00
# Visual Studio Version 17
VisualStudioVersion = 17.14.37216.2 d17.14
MinimumVisualStudioVersion = 10.0.40219.1
Project("{FAE04EC0-301F-11D3-BF4B-00C04F79EFBC}") = "SYSTEM", "SYSTEM\SYSTEM.csproj", "{C88744E5-68AD-41F5-A4DF-B35220D766D8}"
EndProject
Global
	GlobalSection(SolutionConfigurationPlatforms) = preSolution
		Debug|Any CPU = Debug|Any CPU
		Release|Any CPU = Release|Any CPU
	EndGlobalSection
	GlobalSection(ProjectConfigurationPlatforms) = postSolution
		{C88744E5-68AD-41F5-A4DF-B35220D766D8}.Debug|Any CPU.ActiveCfg = Debug|Any CPU
		{C88744E5-68AD-41F5-A4DF-B35220D766D8}.Debug|Any CPU.Build.0 = Debug|Any CPU
		{C88744E5-68AD-41F5-A4DF-B35220D766D8}.Release|Any CPU.ActiveCfg = Release|Any CPU
		{C88744E5-68AD-41F5-A4DF-B35220D766D8}.Release|Any CPU.Build.0 = Release|Any CPU
	EndGlobalSection
	GlobalSection(SolutionProperties) = preSolution
		HideSolutionNode = FALSE
	EndGlobalSection
	GlobalSection(ExtensibilityGlobals) = postSolution
		SolutionGuid = {9D212087-6A20-4600-9FDE-D8CB4F7AC55E}
	EndGlobalSection
EndGlobal
